// !$*UTF8*$!
{
	archiveVersion = 1;
	classes = {
	};
	objectVersion = 46;
	objects = {

/* Begin PBXBuildFile section */
		A50ACA0D1B4E6717002E4885 /* AppDelegate.swift in Sources */ = {isa = PBXBuildFile; fileRef = A50ACA0C1B4E6717002E4885 /* AppDelegate.swift */; };
		A50ACA101B4E6717002E4885 /* month.xcdatamodeld in Sources */ = {isa = PBXBuildFile; fileRef = A50ACA0E1B4E6717002E4885 /* month.xcdatamodeld */; };
		A50ACA121B4E6717002E4885 /* ViewController.swift in Sources */ = {isa = PBXBuildFile; fileRef = A50ACA111B4E6717002E4885 /* ViewController.swift */; };
		A50ACA151B4E6717002E4885 /* Main.storyboard in Resources */ = {isa = PBXBuildFile; fileRef = A50ACA131B4E6717002E4885 /* Main.storyboard */; };
		A50ACA171B4E6717002E4885 /* Images.xcassets in Resources */ = {isa = PBXBuildFile; fileRef = A50ACA161B4E6717002E4885 /* Images.xcassets */; };
		A50ACA1A1B4E6717002E4885 /* LaunchScreen.xib in Resources */ = {isa = PBXBuildFile; fileRef = A50ACA181B4E6717002E4885 /* LaunchScreen.xib */; };
		A50ACA261B4E6718002E4885 /* monthTests.swift in Sources */ = {isa = PBXBuildFile; fileRef = A50ACA251B4E6718002E4885 /* monthTests.swift */; };
/* End PBXBuildFile section */

/* Begin PBXContainerItemProxy section */
		A50ACA201B4E6717002E4885 /* PBXContainerItemProxy */ = {
			isa = PBXContainerItemProxy;
			containerPortal = A50AC9FF1B4E6717002E4885 /* Project object */;
			proxyType = 1;
			remoteGlobalIDString = A50ACA061B4E6717002E4885;
			remoteInfo = month;
		};
/* End PBXContainerItemProxy section */

/* Begin PBXFileReference section */
		A50ACA071B4E6717002E4885 /* month.app */ = {isa = PBXFileReference; explicitFileType = wrapper.application; includeInIndex = 0; path = month.app; sourceTree = BUILT_PRODUCTS_DIR; };
		A50ACA0B1B4E6717002E4885 /* Info.plist */ = {isa = PBXFileReference; lastKnownFileType = text.plist.xml; path = Info.plist; sourceTree = "<group>"; };
		A50ACA0C1B4E6717002E4885 /* AppDelegate.swift */ = {isa = PBXFileReference; lastKnownFileType = sourcecode.swift; path = AppDelegate.swift; sourceTree = "<group>"; };
		A50ACA0F1B4E6717002E4885 /* month.xcdatamodel */ = {isa = PBXFileReference; lastKnownFileType = wrapper.xcdatamodel; path = month.xcdatamodel; sourceTree = "<group>"; };
		A50ACA111B4E6717002E4885 /* ViewController.swift */ = {isa = PBXFileReference; lastKnownFileType = sourcecode.swift; path = ViewController.swift; sourceTree = "<group>"; };
		A50ACA141B4E6717002E4885 /* Base */ = {isa = PBXFileReference; lastKnownFileType = file.storyboard; name = Base; path = Base.lproj/Main.storyboard; sourceTree = "<group>"; };
		A50ACA161B4E6717002E4885 /* Images.xcassets */ = {isa = PBXFileReference; lastKnownFileType = folder.assetcatalog; path = Images.xcassets; sourceTree = "<group>"; };
		A50ACA191B4E6717002E4885 /* Base */ = {isa = PBXFileReference; lastKnownFileType = file.xib; name = Base; path = Base.lproj/LaunchScreen.xib; sourceTree = "<group>"; };
		A50ACA1F1B4E6717002E4885 /* monthTests.xctest */ = {isa = PBXFileReference; explicitFileType = wrapper.cfbundle; includeInIndex = 0; path = monthTests.xctest; sourceTree = BUILT_PRODUCTS_DIR; };
		A50ACA241B4E6718002E4885 /* Info.plist */ = {isa = PBXFileReference; lastKnownFileType = text.plist.xml; path = Info.plist; sourceTree = "<group>"; };
		A50ACA251B4E6718002E4885 /* monthTests.swift */ = {isa = PBXFileReference; lastKnownFileType = sourcecode.swift; path = monthTests.swift; sourceTree = "<group>"; };
/* End PBXFileReference section */

/* Begin PBXFrameworksBuildPhase section */
		A50ACA041B4E6717002E4885 /* Frameworks */ = {
			isa = PBXFrameworksBuildPhase;
			buildActionMask = 2147483647;
			files = (
			);
			runOnlyForDeploymentPostprocessing = 0;
		};
		A50ACA1C1B4E6717002E4885 /* Frameworks */ = {
			isa = PBXFrameworksBuildPhase;
			buildActionMask = 2147483647;
			files = (
			);
			runOnlyForDeploymentPostprocessing = 0;
		};
/* End PBXFrameworksBuildPhase section */

/* Begin PBXGroup section */
		A50AC9FE1B4E6717002E4885 = {
			isa = PBXGroup;
			children = (
				A50ACA091B4E6717002E4885 /* month */,
				A50ACA221B4E6717002E4885 /* monthTests */,
				A50ACA081B4E6717002E4885 /* Products */,
			);
			sourceTree = "<group>";
		};
		A50ACA081B4E6717002E4885 /* Products */ = {
			isa = PBXGroup;
			children = (
				A50ACA071B4E6717002E4885 /* month.app */,
				A50ACA1F1B4E6717002E4885 /* monthTests.xctest */,
			);
			name = Products;
			sourceTree = "<group>";
		};
		A50ACA091B4E6717002E4885 /* month */ = {
			isa = PBXGroup;
			children = (
				A50ACA0C1B4E6717002E4885 /* AppDelegate.swift */,
				A50ACA111B4E6717002E4885 /* ViewController.swift */,
				A50ACA131B4E6717002E4885 /* Main.storyboard */,
				A50ACA161B4E6717002E4885 /* Images.xcassets */,
				A50ACA181B4E6717002E4885 /* LaunchScreen.xib */,
				A50ACA0E1B4E6717002E4885 /* month.xcdatamodeld */,
				A50ACA0A1B4E6717002E4885 /* Supporting Files */,
			);
			path = month;
			sourceTree = "<group>";
		};
		A50ACA0A1B4E6717002E4885 /* Supporting Files */ = {
			isa = PBXGroup;
			children = (
				A50ACA0B1B4E6717002E4885 /* Info.plist */,
			);
			name = "Supporting Files";
			sourceTree = "<group>";
		};
		A50ACA221B4E6717002E4885 /* monthTests */ = {
			isa = PBXGroup;
			children = (
				A50ACA251B4E6718002E4885 /* monthTests.swift */,
				A50ACA231B4E6718002E4885 /* Supporting Files */,
			);
			path = monthTests;
			sourceTree = "<group>";
		};
		A50ACA231B4E6718002E4885 /* Supporting Files */ = {
			isa = PBXGroup;
			children = (
				A50ACA241B4E6718002E4885 /* Info.plist */,
			);
			name = "Supporting Files";
			sourceTree = "<group>";
		};
/* End PBXGroup section */

/* Begin PBXNativeTarget section */
		A50ACA061B4E6717002E4885 /* month */ = {
			isa = PBXNativeTarget;
			buildConfigurationList = A50ACA291B4E6718002E4885 /* Build configuration list for PBXNativeTarget "month" */;
			buildPhases = (
				A50ACA031B4E6717002E4885 /* Sources */,
				A50ACA041B4E6717002E4885 /* Frameworks */,
				A50ACA051B4E6717002E4885 /* Resources */,
			);
			buildRules = (
			);
			dependencies = (
			);
			name = month;
			productName = month;
			productReference = A50ACA071B4E6717002E4885 /* month.app */;
			productType = "com.apple.product-type.application";
		};
		A50ACA1E1B4E6717002E4885 /* monthTests */ = {
			isa = PBXNativeTarget;
			buildConfigurationList = A50ACA2C1B4E6718002E4885 /* Build configuration list for PBXNativeTarget "monthTests" */;
			buildPhases = (
				A50ACA1B1B4E6717002E4885 /* Sources */,
				A50ACA1C1B4E6717002E4885 /* Frameworks */,
				A50ACA1D1B4E6717002E4885 /* Resources */,
			);
			buildRules = (
			);
			dependencies = (
				A50ACA211B4E6717002E4885 /* PBXTargetDependency */,
			);
			name = monthTests;
			productName = monthTests;
			productReference = A50ACA1F1B4E6717002E4885 /* monthTests.xctest */;
			productType = "com.apple.product-type.bundle.unit-test";
		};
/* End PBXNativeTarget section */

/* Begin PBXProject section */
		A50AC9FF1B4E6717002E4885 /* Project object */ = {
			isa = PBXProject;
			attributes = {
				LastUpgradeCheck = 0630;
				ORGANIZATIONNAME = "村上 雅典";
				TargetAttributes = {
					A50ACA061B4E6717002E4885 = {
						CreatedOnToolsVersion = 6.3.2;
					};
					A50ACA1E1B4E6717002E4885 = {
						CreatedOnToolsVersion = 6.3.2;
						TestTargetID = A50ACA061B4E6717002E4885;
					};
				};
			};
			buildConfigurationList = A50ACA021B4E6717002E4885 /* Build configuration list for PBXProject "month" */;
			compatibilityVersion = "Xcode 3.2";
			developmentRegion = English;
			hasScannedForEncodings = 0;
			knownRegions = (
				en,
				Base,
			);
			mainGroup = A50AC9FE1B4E6717002E4885;
			productRefGroup = A50ACA081B4E6717002E4885 /* Products */;
			projectDirPath = "";
			projectRoot = "";
			targets = (
				A50ACA061B4E6717002E4885 /* month */,
				A50ACA1E1B4E6717002E4885 /* monthTests */,
			);
		};
/* End PBXProject section */

/* Begin PBXResourcesBuildPhase section */
		A50ACA051B4E6717002E4885 /* Resources */ = {
			isa = PBXResourcesBuildPhase;
			buildActionMask = 2147483647;
			files = (
				A50ACA151B4E6717002E4885 /* Main.storyboard in Resources */,
				A50ACA1A1B4E6717002E4885 /* LaunchScreen.xib in Resources */,
				A50ACA171B4E6717002E4885 /* Images.xcassets in Resources */,
			);
			runOnlyForDeploymentPostprocessing = 0;
		};
		A50ACA1D1B4E6717002E4885 /* Resources */ = {
			isa = PBXResourcesBuildPhase;
			buildActionMask = 2147483647;
			files = (
			);
			runOnlyForDeploymentPostprocessing = 0;
		};
/* End PBXResourcesBuildPhase section */

/* Begin PBXSourcesBuildPhase section */
		A50ACA031B4E6717002E4885 /* Sources */ = {
			isa = PBXSourcesBuildPhase;
			buildActionMask = 2147483647;
			files = (
				A50ACA121B4E6717002E4885 /* ViewController.swift in Sources */,
				A50ACA101B4E6717002E4885 /* month.xcdatamodeld in Sources */,
				A50ACA0D1B4E6717002E4885 /* AppDelegate.swift in Sources */,
			);
			runOnlyForDeploymentPostprocessing = 0;
		};
		A50ACA1B1B4E6717002E4885 /* Sources */ = {
			isa = PBXSourcesBuildPhase;
			buildActionMask = 2147483647;
			files = (
				A50ACA261B4E6718002E4885 /* monthTests.swift in Sources */,
			);
			runOnlyForDeploymentPostprocessing = 0;
		};
/* End PBXSourcesBuildPhase section */

/* Begin PBXTargetDependency section */
		A50ACA211B4E6717002E4885 /* PBXTargetDependency */ = {
			isa = PBXTargetDependency;
			target = A50ACA061B4E6717002E4885 /* month */;
			targetProxy = A50ACA201B4E6717002E4885 /* PBXContainerItemProxy */;
		};
/* End PBXTargetDependency section */

/* Begin PBXVariantGroup section */
		A50ACA131B4E6717002E4885 /* Main.storyboard */ = {
			isa = PBXVariantGroup;
			children = (
				A50ACA141B4E6717002E4885 /* Base */,
			);
			name = Main.storyboard;
			sourceTree = "<group>";
		};
		A50ACA181B4E6717002E4885 /* LaunchScreen.xib */ = {
			isa = PBXVariantGroup;
			children = (
				A50ACA191B4E6717002E4885 /* Base */,
			);
			name = LaunchScreen.xib;
			sourceTree = "<group>";
		};
/* End PBXVariantGroup section */

/* Begin XCBuildConfiguration section */
		A50ACA271B4E6718002E4885 /* Debug */ = {
			isa = XCBuildConfiguration;
			buildSettings = {
				ALWAYS_SEARCH_USER_PATHS = NO;
				CLANG_CXX_LANGUAGE_STANDARD = "gnu++0x";
				CLANG_CXX_LIBRARY = "libc++";
				CLANG_ENABLE_MODULES = YES;
				CLANG_ENABLE_OBJC_ARC = YES;
				CLANG_WARN_BOOL_CONVERSION = YES;
				CLANG_WARN_CONSTANT_CONVERSION = YES;
				CLANG_WARN_DIRECT_OBJC_ISA_USAGE = YES_ERROR;
				CLANG_WARN_EMPTY_BODY = YES;
				CLANG_WARN_ENUM_CONVERSION = YES;
				CLANG_WARN_INT_CONVERSION = YES;
				CLANG_WARN_OBJC_ROOT_CLASS = YES_ERROR;
				CLANG_WARN_UNREACHABLE_CODE = YES;
				CLANG_WARN__DUPLICATE_METHOD_MATCH = YES;
				"CODE_SIGN_IDENTITY[sdk=iphoneos*]" = "iPhone Developer";
				COPY_PHASE_STRIP = NO;
				DEBUG_INFORMATION_FORMAT = "dwarf-with-dsym";
				ENABLE_STRICT_OBJC_MSGSEND = YES;
				GCC_C_LANGUAGE_STANDARD = gnu99;
				GCC_DYNAMIC_NO_PIC = NO;
				GCC_NO_COMMON_BLOCKS = YES;
				GCC_OPTIMIZATION_LEVEL = 0;
				GCC_PREPROCESSOR_DEFINITIONS = (
					"DEBUG=1",
					"$(inherited)",
				);
				GCC_SYMBOLS_PRIVATE_EXTERN = NO;
				GCC_WARN_64_TO_32_BIT_CONVERSION = YES;
				GCC_WARN_ABOUT_RETURN_TYPE = YES_ERROR;
				GCC_WARN_UNDECLARED_SELECTOR = YES;
				GCC_WARN_UNINITIALIZED_AUTOS = YES_AGGRESSIVE;
				GCC_WARN_UNUSED_FUNCTION = YES;
				GCC_WARN_UNUSED_VARIABLE = YES;
				IPHONEOS_DEPLOYMENT_TARGET = 8.3;
				MTL_ENABLE_DEBUG_INFO = YES;
				ONLY_ACTIVE_ARCH = YES;
				SDKROOT = iphoneos;
				SWIFT_OPTIMIZATION_LEVEL = "-Onone";
			};
			name = Debug;
		};
		A50ACA281B4E6718002E4885 /* Release */ = {
			isa = XCBuildConfiguration;
			buildSettings = {
				ALWAYS_SEARCH_USER_PATHS = NO;
				CLANG_CXX_LANGUAGE_STANDARD = "gnu++0x";
				CLANG_CXX_LIBRARY = "libc++";
				CLANG_ENABLE_MODULES = YES;
				CLANG_ENABLE_OBJC_ARC = YES;
				CLANG_WARN_BOOL_CONVERSION = YES;
				CLANG_WARN_CONSTANT_CONVERSION = YES;
				CLANG_WARN_DIRECT_OBJC_ISA_USAGE = YES_ERROR;
				CLANG_WARN_EMPTY_BODY = YES;
				CLANG_WARN_ENUM_CONVERSION = YES;
				CLANG_WARN_INT_CONVERSION = YES;
				CLANG_WARN_OBJC_ROOT_CLASS = YES_ERROR;
				CLANG_WARN_UNREACHABLE_CODE = YES;
				CLANG_WARN__DUPLICATE_METHOD_MATCH = YES;
				"CODE_SIGN_IDENTITY[sdk=iphoneos*]" = "iPhone Developer";
				COPY_PHASE_STRIP = NO;
				DEBUG_INFORMATION_FORMAT = "dwarf-with-dsym";
				ENABLE_NS_ASSERTIONS = NO;
				ENABLE_STRICT_OBJC_MSGSEND = YES;
				GCC_C_LANGUAGE_STANDARD = gnu99;
				GCC_NO_COMMON_BLOCKS = YES;
				GCC_WARN_64_TO_32_BIT_CONVERSION = YES;
				GCC_WARN_ABOUT_RETURN_TYPE = YES_ERROR;
				GCC_WARN_UNDECLARED_SELECTOR = YES;
				GCC_WARN_UNINITIALIZED_AUTOS = YES_AGGRESSIVE;
				GCC_WARN_UNUSED_FUNCTION = YES;
				GCC_WARN_UNUSED_VARIABLE = YES;
				IPHONEOS_DEPLOYMENT_TARGET = 8.3;
				MTL_ENABLE_DEBUG_INFO = NO;
				SDKROOT = iphoneos;
				VALIDATE_PRODUCT = YES;
			};
			name = Release;
		};
		A50ACA2A1B4E6718002E4885 /* Debug */ = {
			isa = XCBuildConfiguration;
			buildSettings = {
				ASSETCATALOG_COMPILER_APPICON_NAME = AppIcon;
				INFOPLIST_FILE = month/Info.plist;
				LD_RUNPATH_SEARCH_PATHS = "$(inherited) @executable_path/Frameworks";
				PRODUCT_NAME = "$(TARGET_NAME)";
			};
			name = Debug;
		};
		A50ACA2B1B4E6718002E4885 /* Release */ = {
			isa = XCBuildConfiguration;
			buildSettings = {
				ASSETCATALOG_COMPILER_APPICON_NAME = AppIcon;
				INFOPLIST_FILE = month/Info.plist;
				LD_RUNPATH_SEARCH_PATHS = "$(inherited) @executable_path/Frameworks";
				PRODUCT_NAME = "$(TARGET_NAME)";
			};
			name = Release;
		};
		A50ACA2D1B4E6718002E4885 /* Debug */ = {
			isa = XCBuildConfiguration;
			buildSettings = {
				BUNDLE_LOADER = "$(TEST_HOST)";
				FRAMEWORK_SEARCH_PATHS = (
					"$(SDKROOT)/Developer/Library/Frameworks",
					"$(inherited)",
				);
				GCC_PREPROCESSOR_DEFINITIONS = (
					"DEBUG=1",
					"$(inherited)",
				);
				INFOPLIST_FILE = monthTests/Info.plist;
				LD_RUNPATH_SEARCH_PATHS = "$(inherited) @executable_path/Frameworks @loader_path/Frameworks";
				PRODUCT_NAME = "$(TARGET_NAME)";
				TEST_HOST = "$(BUILT_PRODUCTS_DIR)/month.app/month";
			};
			name = Debug;
		};
		A50ACA2E1B4E6718002E4885 /* Release */ = {
			isa = XCBuildConfiguration;
			buildSettings = {
				BUNDLE_LOADER = "$(TEST_HOST)";
				FRAMEWORK_SEARCH_PATHS = (
					"$(SDKROOT)/Developer/Library/Frameworks",
					"$(inherited)",
				);
				INFOPLIST_FILE = monthTests/Info.plist;
				LD_RUNPATH_SEARCH_PATHS = "$(inherited) @executable_path/Frameworks @loader_path/Frameworks";
				PRODUCT_NAME = "$(TARGET_NAME)";
				TEST_HOST = "$(BUILT_PRODUCTS_DIR)/month.app/month";
			};
			name = Release;
		};
/* End XCBuildConfiguration section */

/* Begin XCConfigurationList section */
		A50ACA021B4E6717002E4885 /* Build configuration list for PBXProject "month" */ = {
			isa = XCConfigurationList;
			buildConfigurations = (
				A50ACA271B4E6718002E4885 /* Debug */,
				A50ACA281B4E6718002E4885 /* Release */,
			);
			defaultConfigurationIsVisible = 0;
			defaultConfigurationName = Release;
		};
		A50ACA291B4E6718002E4885 /* Build configuration list for PBXNativeTarget "month" */ = {
			isa = XCConfigurationList;
			buildConfigurations = (
				A50ACA2A1B4E6718002E4885 /* Debug */,
				A50ACA2B1B4E6718002E4885 /* Release */,
			);
			defaultConfigurationIsVisible = 0;
		};
		A50ACA2C1B4E6718002E4885 /* Build configuration list for PBXNativeTarget "monthTests" */ = {
			isa = XCConfigurationList;
			buildConfigurations = (
				A50ACA2D1B4E6718002E4885 /* Debug */,
				A50ACA2E1B4E6718002E4885 /* Release */,
			);
			defaultConfigurationIsVisible = 0;
		};
/* End XCConfigurationList section */

/* Begin XCVersionGroup section */
		A50ACA0E1B4E6717002E4885 /* month.xcdatamodeld */ = {
			isa = XCVersionGroup;
			children = (
				A50ACA0F1B4E6717002E4885 /* month.xcdatamodel */,
			);
			currentVersion = A50ACA0F1B4E6717002E4885 /* month.xcdatamodel */;
			path = month.xcdatamodeld;
			sourceTree = "<group>";
			versionGroupType = wrapper.xcdatamodel;
		};
/* End XCVersionGroup section */
	};
	rootObject = A50AC9FF1B4E6717002E4885 /* Project object */;
}
